// !$*UTF8*$!
{
	archiveVersion = 1;
	classes = {
	};
	objectVersion = 46;
	objects = {

/* Begin PBXBuildFile section */
		CAA458971EEF67A100694CFA /* AppDelegate.swift in Sources */ = {isa = PBXBuildFile; fileRef = CAA458961EEF67A100694CFA /* AppDelegate.swift */; };
		CAA458991EEF67A100694CFA /* TaskListViewController.swift in Sources */ = {isa = PBXBuildFile; fileRef = CAA458981EEF67A100694CFA /* TaskListViewController.swift */; };
		CAA4589C1EEF67A100694CFA /* Main.storyboard in Resources */ = {isa = PBXBuildFile; fileRef = CAA4589A1EEF67A100694CFA /* Main.storyboard */; };
		CAA4589F1EEF67A100694CFA /* ToDo_List.xcdatamodeld in Sources */ = {isa = PBXBuildFile; fileRef = CAA4589D1EEF67A100694CFA /* ToDo_List.xcdatamodeld */; };
		CAA458A11EEF67A100694CFA /* Assets.xcassets in Resources */ = {isa = PBXBuildFile; fileRef = CAA458A01EEF67A100694CFA /* Assets.xcassets */; };
		CAA458A41EEF67A100694CFA /* LaunchScreen.storyboard in Resources */ = {isa = PBXBuildFile; fileRef = CAA458A21EEF67A100694CFA /* LaunchScreen.storyboard */; };
		CAA458AE1EF0CC0A00694CFA /* CreateTaskViewController.swift in Sources */ = {isa = PBXBuildFile; fileRef = CAA458AD1EF0CC0A00694CFA /* CreateTaskViewController.swift */; };
		CAA458B01EF138F400694CFA /* CompleteTaskViewController.swift in Sources */ = {isa = PBXBuildFile; fileRef = CAA458AF1EF138F400694CFA /* CompleteTaskViewController.swift */; };
/* End PBXBuildFile section */

/* Begin PBXFileReference section */
		CAA458931EEF67A100694CFA /* ToDo List.app */ = {isa = PBXFileReference; explicitFileType = wrapper.application; includeInIndex = 0; path = "ToDo List.app"; sourceTree = BUILT_PRODUCTS_DIR; };
		CAA458961EEF67A100694CFA /* AppDelegate.swift */ = {isa = PBXFileReference; lastKnownFileType = sourcecode.swift; path = AppDelegate.swift; sourceTree = "<group>"; };
		CAA458981EEF67A100694CFA /* TaskListViewController.swift */ = {isa = PBXFileReference; lastKnownFileType = sourcecode.swift; path = TaskListViewController.swift; sourceTree = "<group>"; };
		CAA4589B1EEF67A100694CFA /* Base */ = {isa = PBXFileReference; lastKnownFileType = file.storyboard; name = Base; path = Base.lproj/Main.storyboard; sourceTree = "<group>"; };
		CAA4589E1EEF67A100694CFA /* ToDo_List.xcdatamodel */ = {isa = PBXFileReference; lastKnownFileType = wrapper.xcdatamodel; path = ToDo_List.xcdatamodel; sourceTree = "<group>"; };
		CAA458A01EEF67A100694CFA /* Assets.xcassets */ = {isa = PBXFileReference; lastKnownFileType = folder.assetcatalog; path = Assets.xcassets; sourceTree = "<group>"; };
		CAA458A31EEF67A100694CFA /* Base */ = {isa = PBXFileReference; lastKnownFileType = file.storyboard; name = Base; path = Base.lproj/LaunchScreen.storyboard; sourceTree = "<group>"; };
		CAA458A51EEF67A100694CFA /* Info.plist */ = {isa = PBXFileReference; lastKnownFileType = text.plist.xml; path = Info.plist; sourceTree = "<group>"; };
		CAA458AD1EF0CC0A00694CFA /* CreateTaskViewController.swift */ = {isa = PBXFileReference; fileEncoding = 4; lastKnownFileType = sourcecode.swift; path = CreateTaskViewController.swift; sourceTree = "<group>"; };
		CAA458AF1EF138F400694CFA /* CompleteTaskViewController.swift */ = {isa = PBXFileReference; fileEncoding = 4; lastKnownFileType = sourcecode.swift; path = CompleteTaskViewController.swift; sourceTree = "<group>"; };
/* End PBXFileReference section */

/* Begin PBXFrameworksBuildPhase section */
		CAA458901EEF67A100694CFA /* Frameworks */ = {
			isa = PBXFrameworksBuildPhase;
			buildActionMask = 2147483647;
			files = (
			);
			runOnlyForDeploymentPostprocessing = 0;
		};
/* End PBXFrameworksBuildPhase section */

/* Begin PBXGroup section */
		CAA4588A1EEF67A100694CFA = {
			isa = PBXGroup;
			children = (
				CAA458951EEF67A100694CFA /* ToDo List */,
				CAA458941EEF67A100694CFA /* Products */,
			);
			sourceTree = "<group>";
		};
		CAA458941EEF67A100694CFA /* Products */ = {
			isa = PBXGroup;
			children = (
				CAA458931EEF67A100694CFA /* ToDo List.app */,
			);
			name = Products;
			sourceTree = "<group>";
		};
		CAA458951EEF67A100694CFA /* ToDo List */ = {
			isa = PBXGroup;
			children = (
				CAA458961EEF67A100694CFA /* AppDelegate.swift */,
				CAA458981EEF67A100694CFA /* TaskListViewController.swift */,
				CAA458AD1EF0CC0A00694CFA /* CreateTaskViewController.swift */,
				CAA458AF1EF138F400694CFA /* CompleteTaskViewController.swift */,
				CAA4589A1EEF67A100694CFA /* Main.storyboard */,
				CAA458A01EEF67A100694CFA /* Assets.xcassets */,
				CAA458A21EEF67A100694CFA /* LaunchScreen.storyboard */,
				CAA458A51EEF67A100694CFA /* Info.plist */,
				CAA4589D1EEF67A100694CFA /* ToDo_List.xcdatamodeld */,
			);
			path = "ToDo List";
			sourceTree = "<group>";
		};
/* End PBXGroup section */

/* Begin PBXNativeTarget section */
		CAA458921EEF67A100694CFA /* ToDo List */ = {
			isa = PBXNativeTarget;
			buildConfigurationList = CAA458A81EEF67A100694CFA /* Build configuration list for PBXNativeTarget "ToDo List" */;
			buildPhases = (
				CAA4588F1EEF67A100694CFA /* Sources */,
				CAA458901EEF67A100694CFA /* Frameworks */,
				CAA458911EEF67A100694CFA /* Resources */,
			);
			buildRules = (
			);
			dependencies = (
			);
			name = "ToDo List";
			productName = "ToDo List";
			productReference = CAA458931EEF67A100694CFA /* ToDo List.app */;
			productType = "com.apple.product-type.application";
		};
/* End PBXNativeTarget section */

/* Begin PBXProject section */
		CAA4588B1EEF67A100694CFA /* Project object */ = {
			isa = PBXProject;
			attributes = {
				LastSwiftUpdateCheck = 0830;
				LastUpgradeCheck = 0830;
				ORGANIZATIONNAME = "Remi Tobias";
				TargetAttributes = {
					CAA458921EEF67A100694CFA = {
						CreatedOnToolsVersion = 8.3.2;
						DevelopmentTeam = R35829MY5Q;
						ProvisioningStyle = Automatic;
					};
				};
			};
			buildConfigurationList = CAA4588E1EEF67A100694CFA /* Build configuration list for PBXProject "ToDo List" */;
			compatibilityVersion = "Xcode 3.2";
			developmentRegion = English;
			hasScannedForEncodings = 0;
			knownRegions = (
				en,
				Base,
			);
			mainGroup = CAA4588A1EEF67A100694CFA;
			productRefGroup = CAA458941EEF67A100694CFA /* Products */;
			projectDirPath = "";
			projectRoot = "";
			targets = (
				CAA458921EEF67A100694CFA /* ToDo List */,
			);
		};
/* End PBXProject section */

/* Begin PBXResourcesBuildPhase section */
		CAA458911EEF67A100694CFA /* Resources */ = {
			isa = PBXResourcesBuildPhase;
			buildActionMask = 2147483647;
			files = (
				CAA458A41EEF67A100694CFA /* LaunchScreen.storyboard in Resources */,
				CAA458A11EEF67A100694CFA /* Assets.xcassets in Resources */,
				CAA4589C1EEF67A100694CFA /* Main.storyboard in Resources */,
			);
			runOnlyForDeploymentPostprocessing = 0;
		};
/* End PBXResourcesBuildPhase section */

/* Begin PBXSourcesBuildPhase section */
		CAA4588F1EEF67A100694CFA /* Sources */ = {
			isa = PBXSourcesBuildPhase;
			buildActionMask = 2147483647;
			files = (
				CAA458991EEF67A100694CFA /* TaskListViewController.swift in Sources */,
				CAA458B01EF138F400694CFA /* CompleteTaskViewController.swift in Sources */,
				CAA458971EEF67A100694CFA /* AppDelegate.swift in Sources */,
				CAA4589F1EEF67A100694CFA /* ToDo_List.xcdatamodeld in Sources */,
				CAA458AE1EF0CC0A00694CFA /* CreateTaskViewController.swift in Sources */,
			);
			runOnlyForDeploymentPostprocessing = 0;
		};
/* End PBXSourcesBuildPhase section */

/* Begin PBXVariantGroup section */
		CAA4589A1EEF67A100694CFA /* Main.storyboard */ = {
			isa = PBXVariantGroup;
			children = (
				CAA4589B1EEF67A100694CFA /* Base */,
			);
			name = Main.storyboard;
			sourceTree = "<group>";
		};
		CAA458A21EEF67A100694CFA /* LaunchScreen.storyboard */ = {
			isa = PBXVariantGroup;
			children = (
				CAA458A31EEF67A100694CFA /* Base */,
			);
			name = LaunchScreen.storyboard;
			sourceTree = "<group>";
		};
/* End PBXVariantGroup section */

/* Begin XCBuildConfiguration section */
		CAA458A61EEF67A100694CFA /* Debug */ = {
			isa = XCBuildConfiguration;
			buildSettings = {
				ALWAYS_SEARCH_USER_PATHS = NO;
				CLANG_ANALYZER_NONNULL = YES;
				CLANG_ANALYZER_NUMBER_OBJECT_CONVERSION = YES_AGGRESSIVE;
				CLANG_CXX_LANGUAGE_STANDARD = "gnu++0x";
				CLANG_CXX_LIBRARY = "libc++";
				CLANG_ENABLE_MODULES = YES;
				CLANG_ENABLE_OBJC_ARC = YES;
				CLANG_WARN_BOOL_CONVERSION = YES;
				CLANG_WARN_CONSTANT_CONVERSION = YES;
				CLANG_WARN_DIRECT_OBJC_ISA_USAGE = YES_ERROR;
				CLANG_WARN_DOCUMENTATION_COMMENTS = YES;
				CLANG_WARN_EMPTY_BODY = YES;
				CLANG_WARN_ENUM_CONVERSION = YES;
				CLANG_WARN_INFINITE_RECURSION = YES;
				CLANG_WARN_INT_CONVERSION = YES;
				CLANG_WARN_OBJC_ROOT_CLASS = YES_ERROR;
				CLANG_WARN_SUSPICIOUS_MOVE = YES;
				CLANG_WARN_UNREACHABLE_CODE = YES;
				CLANG_WARN__DUPLICATE_METHOD_MATCH = YES;
				"CODE_SIGN_IDENTITY[sdk=iphoneos*]" = "iPhone Developer";
				COPY_PHASE_STRIP = NO;
				DEBUG_INFORMATION_FORMAT = dwarf;
				ENABLE_STRICT_OBJC_MSGSEND = YES;
				ENABLE_TESTABILITY = YES;
				GCC_C_LANGUAGE_STANDARD = gnu99;
				GCC_DYNAMIC_NO_PIC = NO;
				GCC_NO_COMMON_BLOCKS = YES;
				GCC_OPTIMIZATION_LEVEL = 0;
				GCC_PREPROCESSOR_DEFINITIONS = (
					"DEBUG=1",
					"$(inherited)",
				);
				GCC_WARN_64_TO_32_BIT_CONVERSION = YES;
				GCC_WARN_ABOUT_RETURN_TYPE = YES_ERROR;
				GCC_WARN_UNDECLARED_SELECTOR = YES;
				GCC_WARN_UNINITIALIZED_AUTOS = YES_AGGRESSIVE;
				GCC_WARN_UNUSED_FUNCTION = YES;
				GCC_WARN_UNUSED_VARIABLE = YES;
				IPHONEOS_DEPLOYMENT_TARGET = 10.3;
				MTL_ENABLE_DEBUG_INFO = YES;
				ONLY_ACTIVE_ARCH = YES;
				SDKROOT = iphoneos;
				SWIFT_ACTIVE_COMPILATION_CONDITIONS = DEBUG;
				SWIFT_OPTIMIZATION_LEVEL = "-Onone";
			};
			name = Debug;
		};
		CAA458A71EEF67A100694CFA /* Release */ = {
			isa = XCBuildConfiguration;
			buildSettings = {
				ALWAYS_SEARCH_USER_PATHS = NO;
				CLANG_ANALYZER_NONNULL = YES;
				CLANG_ANALYZER_NUMBER_OBJECT_CONVERSION = YES_AGGRESSIVE;
				CLANG_CXX_LANGUAGE_STANDARD = "gnu++0x";
				CLANG_CXX_LIBRARY = "libc++";
				CLANG_ENABLE_MODULES = YES;
				CLANG_ENABLE_OBJC_ARC = YES;
				CLANG_WARN_BOOL_CONVERSION = YES;
				CLANG_WARN_CONSTANT_CONVERSION = YES;
				CLANG_WARN_DIRECT_OBJC_ISA_USAGE = YES_ERROR;
				CLANG_WARN_DOCUMENTATION_COMMENTS = YES;
				CLANG_WARN_EMPTY_BODY = YES;
				CLANG_WARN_ENUM_CONVERSION = YES;
				CLANG_WARN_INFINITE_RECURSION = YES;
				CLANG_WARN_INT_CONVERSION = YES;
				CLANG_WARN_OBJC_ROOT_CLASS = YES_ERROR;
				CLANG_WARN_SUSPICIOUS_MOVE = YES;
				CLANG_WARN_UNREACHABLE_CODE = YES;
				CLANG_WARN__DUPLICATE_METHOD_MATCH = YES;
				"CODE_SIGN_IDENTITY[sdk=iphoneos*]" = "iPhone Developer";
				COPY_PHASE_STRIP = NO;
				DEBUG_INFORMATION_FORMAT = "dwarf-with-dsym";
				ENABLE_NS_ASSERTIONS = NO;
				ENABLE_STRICT_OBJC_MSGSEND = YES;
				GCC_C_LANGUAGE_STANDARD = gnu99;
				GCC_NO_COMMON_BLOCKS = YES;
				GCC_WARN_64_TO_32_BIT_CONVERSION = YES;
				GCC_WARN_ABOUT_RETURN_TYPE = YES_ERROR;
				GCC_WARN_UNDECLARED_SELECTOR = YES;
				GCC_WARN_UNINITIALIZED_AUTOS = YES_AGGRESSIVE;
				GCC_WARN_UNUSED_FUNCTION = YES;
				GCC_WARN_UNUSED_VARIABLE = YES;
				IPHONEOS_DEPLOYMENT_TARGET = 10.3;
				MTL_ENABLE_DEBUG_INFO = NO;
				SDKROOT = iphoneos;
				SWIFT_OPTIMIZATION_LEVEL = "-Owholemodule";
				VALIDATE_PRODUCT = YES;
			};
			name = Release;
		};
		CAA458A91EEF67A100694CFA /* Debug */ = {
			isa = XCBuildConfiguration;
			buildSettings = {
				ASSETCATALOG_COMPILER_APPICON_NAME = AppIcon;
				DEVELOPMENT_TEAM = R35829MY5Q;
				INFOPLIST_FILE = "ToDo List/Info.plist";
				IPHONEOS_DEPLOYMENT_TARGET = 10.0;
				LD_RUNPATH_SEARCH_PATHS = "$(inherited) @executable_path/Frameworks";
				PRODUCT_BUNDLE_IDENTIFIER = "com.RemiTobias.ToDo-List";
				PRODUCT_NAME = "$(TARGET_NAME)";
				SWIFT_VERSION = 3.0;
			};
			name = Debug;
		};
		CAA458AA1EEF67A100694CFA /* Release */ = {
			isa = XCBuildConfiguration;
			buildSettings = {
				ASSETCATALOG_COMPILER_APPICON_NAME = AppIcon;
				DEVELOPMENT_TEAM = R35829MY5Q;
				INFOPLIST_FILE = "ToDo List/Info.plist";
				IPHONEOS_DEPLOYMENT_TARGET = 10.0;
				LD_RUNPATH_SEARCH_PATHS = "$(inherited) @executable_path/Frameworks";
				PRODUCT_BUNDLE_IDENTIFIER = "com.RemiTobias.ToDo-List";
				PRODUCT_NAME = "$(TARGET_NAME)";
				SWIFT_VERSION = 3.0;
			};
			name = Release;
		};
/* End XCBuildConfiguration section */

/* Begin XCConfigurationList section */
		CAA4588E1EEF67A100694CFA /* Build configuration list for PBXProject "ToDo List" */ = {
			isa = XCConfigurationList;
			buildConfigurations = (
				CAA458A61EEF67A100694CFA /* Debug */,
				CAA458A71EEF67A100694CFA /* Release */,
			);
			defaultConfigurationIsVisible = 0;
			defaultConfigurationName = Release;
		};
		CAA458A81EEF67A100694CFA /* Build configuration list for PBXNativeTarget "ToDo List" */ = {
			isa = XCConfigurationList;
			buildConfigurations = (
				CAA458A91EEF67A100694CFA /* Debug */,
				CAA458AA1EEF67A100694CFA /* Release */,
			);
			defaultConfigurationIsVisible = 0;
		};
/* End XCConfigurationList section */

/* Begin XCVersionGroup section */
		CAA4589D1EEF67A100694CFA /* ToDo_List.xcdatamodeld */ = {
			isa = XCVersionGroup;
			children = (
				CAA4589E1EEF67A100694CFA /* ToDo_List.xcdatamodel */,
			);
			currentVersion = CAA4589E1EEF67A100694CFA /* ToDo_List.xcdatamodel */;
			path = ToDo_List.xcdatamodeld;
			sourceTree = "<group>";
			versionGroupType = wrapper.xcdatamodel;
		};
/* End XCVersionGroup section */
	};
	rootObject = CAA4588B1EEF67A100694CFA /* Project object */;
}
